
Microsoft Visual Studio Solution File, Format Version 12.00
# Visual Studio Version 17
VisualStudioVersion = 17.4.33103.184
MinimumVisualStudioVersion = 10.0.40219.1
Project("{8BC9CEB8-8B4A-11D0-8D11-00A0C91BC942}") = "lab 5.0", "lab 5.0.vcxproj", "{071947AA-3D62-4B27-B436-AFD485C95642}"
EndProject
Project("{8BC9CEB8-8B4A-11D0-8D11-00A0C91BC942}") = "UnitTest5.0", "UnitTest5.0\UnitTest5.0.vcxproj", "{83D03D24-8C99-494C-BEDF-B2617213FF6D}"
EndProject
Global
	GlobalSection(SolutionConfigurationPlatforms) = preSolution
		Debug|x64 = Debug|x64
		Debug|x86 = Debug|x86
		Release|x64 = Release|x64
		Release|x86 = Release|x86
	EndGlobalSection
	GlobalSection(ProjectConfigurationPlatforms) = postSolution
		{071947AA-3D62-4B27-B436-AFD485C95642}.Debug|x64.ActiveCfg = Debug|x64
		{071947AA-3D62-4B27-B436-AFD485C95642}.Debug|x64.Build.0 = Debug|x64
		{071947AA-3D62-4B27-B436-AFD485C95642}.Debug|x86.ActiveCfg = Debug|Win32
		{071947AA-3D62-4B27-B436-AFD485C95642}.Debug|x86.Build.0 = Debug|Win32
		{071947AA-3D62-4B27-B436-AFD485C95642}.Release|x64.ActiveCfg = Release|x64
		{071947AA-3D62-4B27-B436-AFD485C95642}.Release|x64.Build.0 = Release|x64
		{071947AA-3D62-4B27-B436-AFD485C95642}.Release|x86.ActiveCfg = Release|Win32
		{071947AA-3D62-4B27-B436-AFD485C95642}.Release|x86.Build.0 = Release|Win32
		{83D03D24-8C99-494C-BEDF-B2617213FF6D}.Debug|x64.ActiveCfg = Debug|x64
		{83D03D24-8C99-494C-BEDF-B2617213FF6D}.Debug|x64.Build.0 = Debug|x64
		{83D03D24-8C99-494C-BEDF-B2617213FF6D}.Debug|x86.ActiveCfg = Debug|Win32
		{83D03D24-8C99-494C-BEDF-B2617213FF6D}.Debug|x86.Build.0 = Debug|Win32
		{83D03D24-8C99-494C-BEDF-B2617213FF6D}.Release|x64.ActiveCfg = Release|x64
		{83D03D24-8C99-494C-BEDF-B2617213FF6D}.Release|x64.Build.0 = Release|x64
		{83D03D24-8C99-494C-BEDF-B2617213FF6D}.Release|x86.ActiveCfg = Release|Win32
		{83D03D24-8C99-494C-BEDF-B2617213FF6D}.Release|x86.Build.0 = Release|Win32
	EndGlobalSection
	GlobalSection(SolutionProperties) = preSolution
		HideSolutionNode = FALSE
	EndGlobalSection
	GlobalSection(ExtensibilityGlobals) = postSolution
		SolutionGuid = {AF8B1AF8-0FA8-4426-AF00-CA372BE46424}
	EndGlobalSection
EndGlobal
